// !$*UTF8*$!
{
	archiveVersion = 1;
	classes = {
	};
	objectVersion = 50;
	objects = {

/* Begin PBXBuildFile section */
		F14698D0215CC100007513D0 /* AppDelegate.m in Sources */ = {isa = PBXBuildFile; fileRef = F14698CF215CC100007513D0 /* AppDelegate.m */; };
		F14698D3215CC100007513D0 /* ViewController.m in Sources */ = {isa = PBXBuildFile; fileRef = F14698D2215CC100007513D0 /* ViewController.m */; };
		F14698D6215CC100007513D0 /* Main.storyboard in Resources */ = {isa = PBXBuildFile; fileRef = F14698D4215CC100007513D0 /* Main.storyboard */; };
		F14698D8215CC102007513D0 /* Assets.xcassets in Resources */ = {isa = PBXBuildFile; fileRef = F14698D7215CC102007513D0 /* Assets.xcassets */; };
		F14698DB215CC102007513D0 /* LaunchScreen.storyboard in Resources */ = {isa = PBXBuildFile; fileRef = F14698D9215CC102007513D0 /* LaunchScreen.storyboard */; };
		F14698DE215CC102007513D0 /* main.m in Sources */ = {isa = PBXBuildFile; fileRef = F14698DD215CC102007513D0 /* main.m */; };
		F9750A9090475B0AA4B7AAD5 /* libPods-FlutterDemoApp.a in Frameworks */ = {isa = PBXBuildFile; fileRef = 33FED5899CE4CB3AF812EB66 /* libPods-FlutterDemoApp.a */; };
/* End PBXBuildFile section */

/* Begin PBXFileReference section */
		33FED5899CE4CB3AF812EB66 /* libPods-FlutterDemoApp.a */ = {isa = PBXFileReference; explicitFileType = archive.ar; includeInIndex = 0; path = "libPods-FlutterDemoApp.a"; sourceTree = BUILT_PRODUCTS_DIR; };
		6FCFC6A2AD52B80E2F7F1A52 /* Pods-FlutterDemoApp.release.xcconfig */ = {isa = PBXFileReference; includeInIndex = 1; lastKnownFileType = text.xcconfig; name = "Pods-FlutterDemoApp.release.xcconfig"; path = "Pods/Target Support Files/Pods-FlutterDemoApp/Pods-FlutterDemoApp.release.xcconfig"; sourceTree = "<group>"; };
		B09EDD60A4E4999B042182CD /* Pods-FlutterDemoApp.debug.xcconfig */ = {isa = PBXFileReference; includeInIndex = 1; lastKnownFileType = text.xcconfig; name = "Pods-FlutterDemoApp.debug.xcconfig"; path = "Pods/Target Support Files/Pods-FlutterDemoApp/Pods-FlutterDemoApp.debug.xcconfig"; sourceTree = "<group>"; };
		F14698CB215CC100007513D0 /* FlutterDemoApp.app */ = {isa = PBXFileReference; explicitFileType = wrapper.application; includeInIndex = 0; path = FlutterDemoApp.app; sourceTree = BUILT_PRODUCTS_DIR; };
		F14698CE215CC100007513D0 /* AppDelegate.h */ = {isa = PBXFileReference; lastKnownFileType = sourcecode.c.h; path = AppDelegate.h; sourceTree = "<group>"; };
		F14698CF215CC100007513D0 /* AppDelegate.m */ = {isa = PBXFileReference; lastKnownFileType = sourcecode.c.objc; path = AppDelegate.m; sourceTree = "<group>"; };
		F14698D1215CC100007513D0 /* ViewController.h */ = {isa = PBXFileReference; lastKnownFileType = sourcecode.c.h; path = ViewController.h; sourceTree = "<group>"; };
		F14698D2215CC100007513D0 /* ViewController.m */ = {isa = PBXFileReference; lastKnownFileType = sourcecode.c.objc; path = ViewController.m; sourceTree = "<group>"; };
		F14698D5215CC100007513D0 /* Base */ = {isa = PBXFileReference; lastKnownFileType = file.storyboard; name = Base; path = Base.lproj/Main.storyboard; sourceTree = "<group>"; };
		F14698D7215CC102007513D0 /* Assets.xcassets */ = {isa = PBXFileReference; lastKnownFileType = folder.assetcatalog; path = Assets.xcassets; sourceTree = "<group>"; };
		F14698DA215CC102007513D0 /* Base */ = {isa = PBXFileReference; lastKnownFileType = file.storyboard; name = Base; path = Base.lproj/LaunchScreen.storyboard; sourceTree = "<group>"; };
		F14698DC215CC102007513D0 /* Info.plist */ = {isa = PBXFileReference; lastKnownFileType = text.plist.xml; path = Info.plist; sourceTree = "<group>"; };
		F14698DD215CC102007513D0 /* main.m */ = {isa = PBXFileReference; lastKnownFileType = sourcecode.c.objc; path = main.m; sourceTree = "<group>"; };
/* End PBXFileReference section */

/* Begin PBXFrameworksBuildPhase section */
		F14698C8215CC100007513D0 /* Frameworks */ = {
			isa = PBXFrameworksBuildPhase;
			buildActionMask = 2147483647;
			files = (
				F9750A9090475B0AA4B7AAD5 /* libPods-FlutterDemoApp.a in Frameworks */,
			);
			runOnlyForDeploymentPostprocessing = 0;
		};
/* End PBXFrameworksBuildPhase section */

/* Begin PBXGroup section */
		3B4A6B257B737B5C559185C6 /* Pods */ = {
			isa = PBXGroup;
			children = (
				B09EDD60A4E4999B042182CD /* Pods-FlutterDemoApp.debug.xcconfig */,
				6FCFC6A2AD52B80E2F7F1A52 /* Pods-FlutterDemoApp.release.xcconfig */,
			);
			name = Pods;
			sourceTree = "<group>";
		};
		BBF49493B60213472457C711 /* Frameworks */ = {
			isa = PBXGroup;
			children = (
				33FED5899CE4CB3AF812EB66 /* libPods-FlutterDemoApp.a */,
			);
			name = Frameworks;
			sourceTree = "<group>";
		};
		F14698C2215CC100007513D0 = {
			isa = PBXGroup;
			children = (
				F14698CD215CC100007513D0 /* FlutterDemoApp */,
				F14698CC215CC100007513D0 /* Products */,
				3B4A6B257B737B5C559185C6 /* Pods */,
				BBF49493B60213472457C711 /* Frameworks */,
			);
			sourceTree = "<group>";
		};
		F14698CC215CC100007513D0 /* Products */ = {
			isa = PBXGroup;
			children = (
				F14698CB215CC100007513D0 /* FlutterDemoApp.app */,
			);
			name = Products;
			sourceTree = "<group>";
		};
		F14698CD215CC100007513D0 /* FlutterDemoApp */ = {
			isa = PBXGroup;
			children = (
				F14698CE215CC100007513D0 /* AppDelegate.h */,
				F14698CF215CC100007513D0 /* AppDelegate.m */,
				F14698D1215CC100007513D0 /* ViewController.h */,
				F14698D2215CC100007513D0 /* ViewController.m */,
				F14698D4215CC100007513D0 /* Main.storyboard */,
				F14698D7215CC102007513D0 /* Assets.xcassets */,
				F14698D9215CC102007513D0 /* LaunchScreen.storyboard */,
				F14698DC215CC102007513D0 /* Info.plist */,
				F14698DD215CC102007513D0 /* main.m */,
			);
			path = FlutterDemoApp;
			sourceTree = "<group>";
		};
/* End PBXGroup section */

/* Begin PBXNativeTarget section */
		F14698CA215CC100007513D0 /* FlutterDemoApp */ = {
			isa = PBXNativeTarget;
			buildConfigurationList = F14698E1215CC102007513D0 /* Build configuration list for PBXNativeTarget "FlutterDemoApp" */;
			buildPhases = (
				9E124325A0B2461874F0C63E /* [CP] Check Pods Manifest.lock */,
				F14698C7215CC100007513D0 /* Sources */,
				F14698C8215CC100007513D0 /* Frameworks */,
				F14698C9215CC100007513D0 /* Resources */,
				1A2703D9E815BEF04DDB339A /* [CP] Embed Pods Frameworks */,
				A0999BC7224E2FFEC1E7BF0F /* [CP] Copy Pods Resources */,
			);
			buildRules = (
			);
			dependencies = (
			);
			name = FlutterDemoApp;
			productName = FlutterDemoApp;
			productReference = F14698CB215CC100007513D0 /* FlutterDemoApp.app */;
			productType = "com.apple.product-type.application";
		};
/* End PBXNativeTarget section */

/* Begin PBXProject section */
		F14698C3215CC100007513D0 /* Project object */ = {
			isa = PBXProject;
			attributes = {
				LastUpgradeCheck = 1000;
				ORGANIZATIONNAME = xxstudio;
				TargetAttributes = {
					F14698CA215CC100007513D0 = {
						CreatedOnToolsVersion = 10.0;
					};
				};
			};
			buildConfigurationList = F14698C6215CC100007513D0 /* Build configuration list for PBXProject "FlutterDemoApp" */;
			compatibilityVersion = "Xcode 9.3";
			developmentRegion = en;
			hasScannedForEncodings = 0;
			knownRegions = (
				en,
				Base,
			);
			mainGroup = F14698C2215CC100007513D0;
			productRefGroup = F14698CC215CC100007513D0 /* Products */;
			projectDirPath = "";
			projectRoot = "";
			targets = (
				F14698CA215CC100007513D0 /* FlutterDemoApp */,
			);
		};
/* End PBXProject section */

/* Begin PBXResourcesBuildPhase section */
		F14698C9215CC100007513D0 /* Resources */ = {
			isa = PBXResourcesBuildPhase;
			buildActionMask = 2147483647;
			files = (
				F14698DB215CC102007513D0 /* LaunchScreen.storyboard in Resources */,
				F14698D8215CC102007513D0 /* Assets.xcassets in Resources */,
				F14698D6215CC100007513D0 /* Main.storyboard in Resources */,
			);
			runOnlyForDeploymentPostprocessing = 0;
		};
/* End PBXResourcesBuildPhase section */

/* Begin PBXShellScriptBuildPhase section */
		1A2703D9E815BEF04DDB339A /* [CP] Embed Pods Frameworks */ = {
			isa = PBXShellScriptBuildPhase;
			buildActionMask = 2147483647;
			files = (
			);
			inputFileListPaths = (
			);
			inputPaths = (
				"${SRCROOT}/Pods/Target Support Files/Pods-FlutterDemoApp/Pods-FlutterDemoApp-frameworks.sh",
				"${PODS_ROOT}/../../../FlutterAppPod/Classes/Flutter.framework",
			);
			name = "[CP] Embed Pods Frameworks";
			outputFileListPaths = (
			);
			outputPaths = (
				"${TARGET_BUILD_DIR}/${FRAMEWORKS_FOLDER_PATH}/Flutter.framework",
			);
			runOnlyForDeploymentPostprocessing = 0;
			shellPath = /bin/sh;
			shellScript = "\"${SRCROOT}/Pods/Target Support Files/Pods-FlutterDemoApp/Pods-FlutterDemoApp-frameworks.sh\"\n";
			showEnvVarsInLog = 0;
		};
		9E124325A0B2461874F0C63E /* [CP] Check Pods Manifest.lock */ = {
			isa = PBXShellScriptBuildPhase;
			buildActionMask = 2147483647;
			files = (
			);
			inputFileListPaths = (
			);
			inputPaths = (
				"${PODS_PODFILE_DIR_PATH}/Podfile.lock",
				"${PODS_ROOT}/Manifest.lock",
			);
			name = "[CP] Check Pods Manifest.lock";
			outputFileListPaths = (
			);
			outputPaths = (
				"$(DERIVED_FILE_DIR)/Pods-FlutterDemoApp-checkManifestLockResult.txt",
			);
			runOnlyForDeploymentPostprocessing = 0;
			shellPath = /bin/sh;
			shellScript = "diff \"${PODS_PODFILE_DIR_PATH}/Podfile.lock\" \"${PODS_ROOT}/Manifest.lock\" > /dev/null\nif [ $? != 0 ] ; then\n    # print error to STDERR\n    echo \"error: The sandbox is not in sync with the Podfile.lock. Run 'pod install' or update your CocoaPods installation.\" >&2\n    exit 1\nfi\n# This output is used by Xcode 'outputs' to avoid re-running this script phase.\necho \"SUCCESS\" > \"${SCRIPT_OUTPUT_FILE_0}\"\n";
			showEnvVarsInLog = 0;
		};
		A0999BC7224E2FFEC1E7BF0F /* [CP] Copy Pods Resources */ = {
			isa = PBXShellScriptBuildPhase;
			buildActionMask = 2147483647;
			files = (
			);
			inputFileListPaths = (
			);
			inputPaths = (
				"${SRCROOT}/Pods/Target Support Files/Pods-FlutterDemoApp/Pods-FlutterDemoApp-resources.sh",
				"${PODS_ROOT}/../../../FlutterAppPod/Resources/flutter_assets",
			);
			name = "[CP] Copy Pods Resources";
			outputFileListPaths = (
			);
			outputPaths = (
				"${TARGET_BUILD_DIR}/${UNLOCALIZED_RESOURCES_FOLDER_PATH}/flutter_assets",
			);
			runOnlyForDeploymentPostprocessing = 0;
			shellPath = /bin/sh;
			shellScript = "\"${SRCROOT}/Pods/Target Support Files/Pods-FlutterDemoApp/Pods-FlutterDemoApp-resources.sh\"\n";
			showEnvVarsInLog = 0;
		};
/* End PBXShellScriptBuildPhase section */

/* Begin PBXSourcesBuildPhase section */
		F14698C7215CC100007513D0 /* Sources */ = {
			isa = PBXSourcesBuildPhase;
			buildActionMask = 2147483647;
			files = (
				F14698D3215CC100007513D0 /* ViewController.m in Sources */,
				F14698DE215CC102007513D0 /* main.m in Sources */,
				F14698D0215CC100007513D0 /* AppDelegate.m in Sources */,
			);
			runOnlyForDeploymentPostprocessing = 0;
		};
/* End PBXSourcesBuildPhase section */

/* Begin PBXVariantGroup section */
		F14698D4215CC100007513D0 /* Main.storyboard */ = {
			isa = PBXVariantGroup;
			children = (
				F14698D5215CC100007513D0 /* Base */,
			);
			name = Main.storyboard;
			sourceTree = "<group>";
		};
		F14698D9215CC102007513D0 /* LaunchScreen.storyboard */ = {
			isa = PBXVariantGroup;
			children = (
				F14698DA215CC102007513D0 /* Base */,
			);
			name = LaunchScreen.storyboard;
			sourceTree = "<group>";
		};
/* End PBXVariantGroup section */

/* Begin XCBuildConfiguration section */
		F14698DF215CC102007513D0 /* Debug */ = {
			isa = XCBuildConfiguration;
			buildSettings = {
				ALWAYS_SEARCH_USER_PATHS = NO;
				CLANG_ANALYZER_NONNULL = YES;
				CLANG_ANALYZER_NUMBER_OBJECT_CONVERSION = YES_AGGRESSIVE;
				CLANG_CXX_LANGUAGE_STANDARD = "gnu++14";
				CLANG_CXX_LIBRARY = "libc++";
				CLANG_ENABLE_MODULES = YES;
				CLANG_ENABLE_OBJC_ARC = YES;
				CLANG_ENABLE_OBJC_WEAK = YES;
				CLANG_WARN_BLOCK_CAPTURE_AUTORELEASING = YES;
				CLANG_WARN_BOOL_CONVERSION = YES;
				CLANG_WARN_COMMA = YES;
				CLANG_WARN_CONSTANT_CONVERSION = YES;
				CLANG_WARN_DEPRECATED_OBJC_IMPLEMENTATIONS = YES;
				CLANG_WARN_DIRECT_OBJC_ISA_USAGE = YES_ERROR;
				CLANG_WARN_DOCUMENTATION_COMMENTS = YES;
				CLANG_WARN_EMPTY_BODY = YES;
				CLANG_WARN_ENUM_CONVERSION = YES;
				CLANG_WARN_INFINITE_RECURSION = YES;
				CLANG_WARN_INT_CONVERSION = YES;
				CLANG_WARN_NON_LITERAL_NULL_CONVERSION = YES;
				CLANG_WARN_OBJC_IMPLICIT_RETAIN_SELF = YES;
				CLANG_WARN_OBJC_LITERAL_CONVERSION = YES;
				CLANG_WARN_OBJC_ROOT_CLASS = YES_ERROR;
				CLANG_WARN_RANGE_LOOP_ANALYSIS = YES;
				CLANG_WARN_STRICT_PROTOTYPES = YES;
				CLANG_WARN_SUSPICIOUS_MOVE = YES;
				CLANG_WARN_UNGUARDED_AVAILABILITY = YES_AGGRESSIVE;
				CLANG_WARN_UNREACHABLE_CODE = YES;
				CLANG_WARN__DUPLICATE_METHOD_MATCH = YES;
				CODE_SIGN_IDENTITY = "iPhone Developer";
				COPY_PHASE_STRIP = NO;
				DEBUG_INFORMATION_FORMAT = dwarf;
				ENABLE_STRICT_OBJC_MSGSEND = YES;
				ENABLE_TESTABILITY = YES;
				GCC_C_LANGUAGE_STANDARD = gnu11;
				GCC_DYNAMIC_NO_PIC = NO;
				GCC_NO_COMMON_BLOCKS = YES;
				GCC_OPTIMIZATION_LEVEL = 0;
				GCC_PREPROCESSOR_DEFINITIONS = (
					"DEBUG=1",
					"$(inherited)",
				);
				GCC_WARN_64_TO_32_BIT_CONVERSION = YES;
				GCC_WARN_ABOUT_RETURN_TYPE = YES_ERROR;
				GCC_WARN_UNDECLARED_SELECTOR = YES;
				GCC_WARN_UNINITIALIZED_AUTOS = YES_AGGRESSIVE;
				GCC_WARN_UNUSED_FUNCTION = YES;
				GCC_WARN_UNUSED_VARIABLE = YES;
				IPHONEOS_DEPLOYMENT_TARGET = 12.0;
				MTL_ENABLE_DEBUG_INFO = INCLUDE_SOURCE;
				MTL_FAST_MATH = YES;
				ONLY_ACTIVE_ARCH = YES;
				SDKROOT = iphoneos;
			};
			name = Debug;
		};
		F14698E0215CC102007513D0 /* Release */ = {
			isa = XCBuildConfiguration;
			buildSettings = {
				ALWAYS_SEARCH_USER_PATHS = NO;
				CLANG_ANALYZER_NONNULL = YES;
				CLANG_ANALYZER_NUMBER_OBJECT_CONVERSION = YES_AGGRESSIVE;
				CLANG_CXX_LANGUAGE_STANDARD = "gnu++14";
				CLANG_CXX_LIBRARY = "libc++";
				CLANG_ENABLE_MODULES = YES;
				CLANG_ENABLE_OBJC_ARC = YES;
				CLANG_ENABLE_OBJC_WEAK = YES;
				CLANG_WARN_BLOCK_CAPTURE_AUTORELEASING = YES;
				CLANG_WARN_BOOL_CONVERSION = YES;
				CLANG_WARN_COMMA = YES;
				CLANG_WARN_CONSTANT_CONVERSION = YES;
				CLANG_WARN_DEPRECATED_OBJC_IMPLEMENTATIONS = YES;
				CLANG_WARN_DIRECT_OBJC_ISA_USAGE = YES_ERROR;
				CLANG_WARN_DOCUMENTATION_COMMENTS = YES;
				CLANG_WARN_EMPTY_BODY = YES;
				CLANG_WARN_ENUM_CONVERSION = YES;
				CLANG_WARN_INFINITE_RECURSION = YES;
				CLANG_WARN_INT_CONVERSION = YES;
				CLANG_WARN_NON_LITERAL_NULL_CONVERSION = YES;
				CLANG_WARN_OBJC_IMPLICIT_RETAIN_SELF = YES;
				CLANG_WARN_OBJC_LITERAL_CONVERSION = YES;
				CLANG_WARN_OBJC_ROOT_CLASS = YES_ERROR;
				CLANG_WARN_RANGE_LOOP_ANALYSIS = YES;
				CLANG_WARN_STRICT_PROTOTYPES = YES;
				CLANG_WARN_SUSPICIOUS_MOVE = YES;
				CLANG_WARN_UNGUARDED_AVAILABILITY = YES_AGGRESSIVE;
				CLANG_WARN_UNREACHABLE_CODE = YES;
				CLANG_WARN__DUPLICATE_METHOD_MATCH = YES;
				CODE_SIGN_IDENTITY = "iPhone Developer";
				COPY_PHASE_STRIP = NO;
				DEBUG_INFORMATION_FORMAT = "dwarf-with-dsym";
				ENABLE_NS_ASSERTIONS = NO;
				ENABLE_STRICT_OBJC_MSGSEND = YES;
				GCC_C_LANGUAGE_STANDARD = gnu11;
				GCC_NO_COMMON_BLOCKS = YES;
				GCC_WARN_64_TO_32_BIT_CONVERSION = YES;
				GCC_WARN_ABOUT_RETURN_TYPE = YES_ERROR;
				GCC_WARN_UNDECLARED_SELECTOR = YES;
				GCC_WARN_UNINITIALIZED_AUTOS = YES_AGGRESSIVE;
				GCC_WARN_UNUSED_FUNCTION = YES;
				GCC_WARN_UNUSED_VARIABLE = YES;
				IPHONEOS_DEPLOYMENT_TARGET = 12.0;
				MTL_ENABLE_DEBUG_INFO = NO;
				MTL_FAST_MATH = YES;
				SDKROOT = iphoneos;
				VALIDATE_PRODUCT = YES;
			};
			name = Release;
		};
		F14698E2215CC102007513D0 /* Debug */ = {
			isa = XCBuildConfiguration;
			baseConfigurationReference = B09EDD60A4E4999B042182CD /* Pods-FlutterDemoApp.debug.xcconfig */;
			buildSettings = {
				ASSETCATALOG_COMPILER_APPICON_NAME = AppIcon;
				CODE_SIGN_STYLE = Automatic;
				INFOPLIST_FILE = FlutterDemoApp/Info.plist;
				LD_RUNPATH_SEARCH_PATHS = (
					"$(inherited)",
					"@executable_path/Frameworks",
				);
				PRODUCT_BUNDLE_IDENTIFIER = com.xxstudio.FlutterDemoApp;
				PRODUCT_NAME = "$(TARGET_NAME)";
				TARGETED_DEVICE_FAMILY = "1,2";
			};
			name = Debug;
		};
		F14698E3215CC102007513D0 /* Release */ = {
			isa = XCBuildConfiguration;
			baseConfigurationReference = 6FCFC6A2AD52B80E2F7F1A52 /* Pods-FlutterDemoApp.release.xcconfig */;
			buildSettings = {
				ASSETCATALOG_COMPILER_APPICON_NAME = AppIcon;
				CODE_SIGN_STYLE = Automatic;
				INFOPLIST_FILE = FlutterDemoApp/Info.plist;
				LD_RUNPATH_SEARCH_PATHS = (
					"$(inherited)",
					"@executable_path/Frameworks",
				);
				PRODUCT_BUNDLE_IDENTIFIER = com.xxstudio.FlutterDemoApp;
				PRODUCT_NAME = "$(TARGET_NAME)";
				TARGETED_DEVICE_FAMILY = "1,2";
			};
			name = Release;
		};
/* End XCBuildConfiguration section */

/* Begin XCConfigurationList section */
		F14698C6215CC100007513D0 /* Build configuration list for PBXProject "FlutterDemoApp" */ = {
			isa = XCConfigurationList;
			buildConfigurations = (
				F14698DF215CC102007513D0 /* Debug */,
				F14698E0215CC102007513D0 /* Release */,
			);
			defaultConfigurationIsVisible = 0;
			defaultConfigurationName = Release;
		};
		F14698E1215CC102007513D0 /* Build configuration list for PBXNativeTarget "FlutterDemoApp" */ = {
			isa = XCConfigurationList;
			buildConfigurations = (
				F14698E2215CC102007513D0 /* Debug */,
				F14698E3215CC102007513D0 /* Release */,
			);
			defaultConfigurationIsVisible = 0;
			defaultConfigurationName = Release;
		};
/* End XCConfigurationList section */
	};
	rootObject = F14698C3215CC100007513D0 /* Project object */;
}
